lockfileVersion: '9.0'

settings:
  autoInstallPeers: true
  excludeLinksFromLockfile: false

importers:

  .:
    dependencies:
      cors:
        specifier: ^2.8.5
        version: 2.8.5
      express:
        specifier: ^4.21.2
        version: 4.21.2
      mockjs:
        specifier: ^1.1.0
        version: 1.1.0

packages:

  accepts@1.3.8:
    resolution: {integrity: sha1-C/C+EltnAUrcsLCSHmLbe//hay4=, tarball: http://registry.m.jd.com/accepts/download/accepts-1.3.8.tgz}
    engines: {node: '>= 0.6'}

  array-flatten@1.1.1:
    resolution: {integrity: sha1-ml9pkFGx5wczKPKgCJaLZOopVdI=, tarball: http://registry.m.jd.com/array-flatten/download/array-flatten-1.1.1.tgz}

  body-parser@1.20.3:
    resolution: {integrity: sha1-GVNDEiHG+1zWPEs21T+rCSjlSMY=, tarball: http://registry.m.jd.com/body-parser/download/body-parser-1.20.3.tgz}
    engines: {node: '>= 0.8', npm: 1.2.8000 || >= 1.4.16}

  bytes@3.1.2:
    resolution: {integrity: sha1-iwvuuYYFrfGxKPpDhkA8AJ4CIaU=, tarball: http://registry.m.jd.com/bytes/download/bytes-3.1.2.tgz}
    engines: {node: '>= 0.8'}

  call-bind-apply-helpers@1.0.1:
    resolution: {integrity: sha1-MuWJLmNhspsLVFum93YzeNrKKEA=, tarball: http://registry.m.jd.com/call-bind-apply-helpers/download/call-bind-apply-helpers-1.0.1.tgz}
    engines: {node: '>= 0.4'}

  call-bound@1.0.3:
    resolution: {integrity: sha1-Qc/QMrWT45F2pxUzq084SqBP1oE=, tarball: http://registry.m.jd.com/call-bound/download/call-bound-1.0.3.tgz}
    engines: {node: '>= 0.4'}

  commander@13.0.0:
    resolution: {integrity: sha1-GxYfYO4864B0WDoPlTWaT4cBhFw=, tarball: http://registry.m.jd.com/commander/download/commander-13.0.0.tgz}
    engines: {node: '>=18'}

  content-disposition@0.5.4:
    resolution: {integrity: sha1-i4K076yCUSoCuwsdzsnSxejrW/4=, tarball: http://registry.m.jd.com/content-disposition/download/content-disposition-0.5.4.tgz}
    engines: {node: '>= 0.6'}

  content-type@1.0.5:
    resolution: {integrity: sha1-i3cxYmVtHRCGeEyPI6VM5tc9eRg=, tarball: http://registry.m.jd.com/content-type/download/content-type-1.0.5.tgz}
    engines: {node: '>= 0.6'}

  cookie-signature@1.0.6:
    resolution: {integrity: sha1-4wOogrNCzD7oylE6eZmXNNqzriw=, tarball: http://registry.m.jd.com/cookie-signature/download/cookie-signature-1.0.6.tgz}

  cookie@0.7.1:
    resolution: {integrity: sha1-L3PEIULV1c9xMQp0/ErmFnDl28k=, tarball: http://registry.m.jd.com/cookie/download/cookie-0.7.1.tgz}
    engines: {node: '>= 0.6'}

  cors@2.8.5:
    resolution: {integrity: sha1-6sEdpRWS3Ya58G9uesKTs9+HXSk=, tarball: http://registry.m.jd.com/cors/download/cors-2.8.5.tgz}
    engines: {node: '>= 0.10'}

  debug@2.6.9:
    resolution: {integrity: sha1-XRKFFd8TT/Mn6QpMk/Tgd6U2NB8=, tarball: http://registry.m.jd.com/debug/download/debug-2.6.9.tgz}
    peerDependencies:
      supports-color: '*'
    peerDependenciesMeta:
      supports-color:
        optional: true

  depd@2.0.0:
    resolution: {integrity: sha1-tpYWPMdXVg0JzyLMj60Vcbeedt8=, tarball: http://registry.m.jd.com/depd/download/depd-2.0.0.tgz}
    engines: {node: '>= 0.8'}

  destroy@1.2.0:
    resolution: {integrity: sha1-SANzVQmti+VSk0xn32FPlOZvoBU=, tarball: http://registry.m.jd.com/destroy/download/destroy-1.2.0.tgz}
    engines: {node: '>= 0.8', npm: 1.2.8000 || >= 1.4.16}

  dunder-proto@1.0.1:
    resolution: {integrity: sha1-165mfh3INIL4tw/Q9u78UNow9Yo=, tarball: http://registry.m.jd.com/dunder-proto/download/dunder-proto-1.0.1.tgz}
    engines: {node: '>= 0.4'}

  ee-first@1.1.1:
    resolution: {integrity: sha1-WQxhFWsK4vTwJVcyoViyZrxWsh0=, tarball: http://registry.m.jd.com/ee-first/download/ee-first-1.1.1.tgz}

  encodeurl@1.0.2:
    resolution: {integrity: sha1-rT/0yG7C0CkyL1oCw6mmBslbP1k=, tarball: http://registry.m.jd.com/encodeurl/download/encodeurl-1.0.2.tgz}
    engines: {node: '>= 0.8'}

  encodeurl@2.0.0:
    resolution: {integrity: sha1-e46omAd9fkCdOsRUdOo46vCFelg=, tarball: http://registry.m.jd.com/encodeurl/download/encodeurl-2.0.0.tgz}
    engines: {node: '>= 0.8'}

  es-define-property@1.0.1:
    resolution: {integrity: sha1-mD6y+aZyTpMD9hrd8BHHLgngsPo=, tarball: http://registry.m.jd.com/es-define-property/download/es-define-property-1.0.1.tgz}
    engines: {node: '>= 0.4'}

  es-errors@1.3.0:
    resolution: {integrity: sha1-BfdaJdq5jk+x3NXhRywFRtUFfI8=, tarball: http://registry.m.jd.com/es-errors/download/es-errors-1.3.0.tgz}
    engines: {node: '>= 0.4'}

  es-object-atoms@1.0.0:
    resolution: {integrity: sha1-3bVc1HrC4kBwEmC8Ko4x7LZD2UE=, tarball: http://registry.m.jd.com/es-object-atoms/download/es-object-atoms-1.0.0.tgz}
    engines: {node: '>= 0.4'}

  escape-html@1.0.3:
    resolution: {integrity: sha1-Aljq5NPQwJdN4cFpGI7wBR0dGYg=, tarball: http://registry.m.jd.com/escape-html/download/escape-html-1.0.3.tgz}

  etag@1.8.1:
    resolution: {integrity: sha1-Qa4u62XvpiJorr/qg6x9eSmbCIc=, tarball: http://registry.m.jd.com/etag/download/etag-1.8.1.tgz}
    engines: {node: '>= 0.6'}

  express@4.21.2:
    resolution: {integrity: sha1-zyUOSDYhdOrWzqSlZqvvAWLB7DI=, tarball: http://registry.m.jd.com/express/download/express-4.21.2.tgz}
    engines: {node: '>= 0.10.0'}

  finalhandler@1.3.1:
    resolution: {integrity: sha1-DFdfHR0yTd0do1rX7OPffRkIgBk=, tarball: http://registry.m.jd.com/finalhandler/download/finalhandler-1.3.1.tgz}
    engines: {node: '>= 0.8'}

  forwarded@0.2.0:
    resolution: {integrity: sha1-ImmTZCiq1MFcfr6XeahL8LKoGBE=, tarball: http://registry.m.jd.com/forwarded/download/forwarded-0.2.0.tgz}
    engines: {node: '>= 0.6'}

  fresh@0.5.2:
    resolution: {integrity: sha1-PYyt2Q2XZWn6g1qx+OSyOhBWBac=, tarball: http://registry.m.jd.com/fresh/download/fresh-0.5.2.tgz}
    engines: {node: '>= 0.6'}

  function-bind@1.1.2:
    resolution: {integrity: sha1-LALYZNl/PqbIgwxGTL0Rq26rehw=, tarball: http://registry.m.jd.com/function-bind/download/function-bind-1.1.2.tgz}

  get-intrinsic@1.2.7:
    resolution: {integrity: sha1-3PyzPTJy4V9EXRUSS8CiFhibkEQ=, tarball: http://registry.m.jd.com/get-intrinsic/download/get-intrinsic-1.2.7.tgz}
    engines: {node: '>= 0.4'}

  get-proto@1.0.1:
    resolution: {integrity: sha1-FQs/J0OGnvPoUewMSdFbHRTQDuE=, tarball: http://registry.m.jd.com/get-proto/download/get-proto-1.0.1.tgz}
    engines: {node: '>= 0.4'}

  gopd@1.2.0:
    resolution: {integrity: sha1-ifVrghe9vIgCvSmd9tfxCB1+UaE=, tarball: http://registry.m.jd.com/gopd/download/gopd-1.2.0.tgz}
    engines: {node: '>= 0.4'}

  has-symbols@1.1.0:
    resolution: {integrity: sha1-/JxqeDoISVHQuXH+EBjegTcHozg=, tarball: http://registry.m.jd.com/has-symbols/download/has-symbols-1.1.0.tgz}
    engines: {node: '>= 0.4'}

  hasown@2.0.2:
    resolution: {integrity: sha1-AD6vkb563DcuhOxZ3DclLO24AAM=, tarball: http://registry.m.jd.com/hasown/download/hasown-2.0.2.tgz}
    engines: {node: '>= 0.4'}

  http-errors@2.0.0:
    resolution: {integrity: sha1-t3dKFIbvc892Z6ya4IWMASxXudM=, tarball: http://registry.m.jd.com/http-errors/download/http-errors-2.0.0.tgz}
    engines: {node: '>= 0.8'}

  iconv-lite@0.4.24:
    resolution: {integrity: sha1-ICK0sl+93CHS9SSXSkdKr+czkIs=, tarball: http://registry.m.jd.com/iconv-lite/download/iconv-lite-0.4.24.tgz}
    engines: {node: '>=0.10.0'}

  inherits@2.0.4:
    resolution: {integrity: sha1-D6LGT5MpF8NDOg3tVTY6rjdBa3w=, tarball: http://registry.m.jd.com/inherits/download/inherits-2.0.4.tgz}

  ipaddr.js@1.9.1:
    resolution: {integrity: sha1-v/OFQ+64mEglB5/zoqjmy9RngbM=, tarball: http://registry.m.jd.com/ipaddr.js/download/ipaddr.js-1.9.1.tgz}
    engines: {node: '>= 0.10'}

  math-intrinsics@1.1.0:
    resolution: {integrity: sha1-oN10voHiqlwvJ+Zc4oNgXuTit/k=, tarball: http://registry.m.jd.com/math-intrinsics/download/math-intrinsics-1.1.0.tgz}
    engines: {node: '>= 0.4'}

  media-typer@0.3.0:
    resolution: {integrity: sha1-hxDXrwqmJvj/+hzgAWhUUmMlV0g=, tarball: http://registry.m.jd.com/media-typer/download/media-typer-0.3.0.tgz}
    engines: {node: '>= 0.6'}

  merge-descriptors@1.0.3:
    resolution: {integrity: sha1-2AMZpl88eTU1Hlz9rI+TGFBNvtU=, tarball: http://registry.m.jd.com/merge-descriptors/download/merge-descriptors-1.0.3.tgz}

  methods@1.1.2:
    resolution: {integrity: sha1-VSmk1nZUE07cxSZmVoNbD4Ua/O4=, tarball: http://registry.m.jd.com/methods/download/methods-1.1.2.tgz}
    engines: {node: '>= 0.6'}

  mime-db@1.52.0:
    resolution: {integrity: sha1-u6vNwChZ9JhzAchW4zh85exDv3A=, tarball: http://registry.m.jd.com/mime-db/download/mime-db-1.52.0.tgz}
    engines: {node: '>= 0.6'}

  mime-types@2.1.35:
    resolution: {integrity: sha1-OBqHG2KnNEUGYK497uRIE/cNlZo=, tarball: http://registry.m.jd.com/mime-types/download/mime-types-2.1.35.tgz}
    engines: {node: '>= 0.6'}

  mime@1.6.0:
    resolution: {integrity: sha1-Ms2eXGRVO9WNGaVor0Uqz/BJgbE=, tarball: http://registry.m.jd.com/mime/download/mime-1.6.0.tgz}
    engines: {node: '>=4'}
    hasBin: true

  mockjs@1.1.0:
    resolution: {integrity: sha1-5qDDeOkZBtuv8gkRzAJzs8fXWwY=, tarball: http://registry.m.jd.com/mockjs/download/mockjs-1.1.0.tgz}
    hasBin: true

  ms@2.0.0:
    resolution: {integrity: sha1-VgiurfwAvmwpAd9fmGF4jeDVl8g=, tarball: http://registry.m.jd.com/ms/download/ms-2.0.0.tgz}

  ms@2.1.3:
    resolution: {integrity: sha1-V0yBOM4dK1hh8LRFedut1gxmFbI=, tarball: http://registry.m.jd.com/ms/download/ms-2.1.3.tgz}

  negotiator@0.6.3:
    resolution: {integrity: sha1-WOMjpy/twNb5zU0x/kn1FHlZDM0=, tarball: http://registry.m.jd.com/negotiator/download/negotiator-0.6.3.tgz}
    engines: {node: '>= 0.6'}

  object-assign@4.1.1:
    resolution: {integrity: sha1-IQmtx5ZYh8/AXLvUQsrIv7s2CGM=, tarball: http://registry.m.jd.com/object-assign/download/object-assign-4.1.1.tgz}
    engines: {node: '>=0.10.0'}

  object-inspect@1.13.3:
    resolution: {integrity: sha1-8UwYPeURMCQ9bRiuFJN1/1DqSIo=, tarball: http://registry.m.jd.com/object-inspect/download/object-inspect-1.13.3.tgz}
    engines: {node: '>= 0.4'}

  on-finished@2.4.1:
    resolution: {integrity: sha1-WMjEQRblSEWtV/FKsQsDUzGErD8=, tarball: http://registry.m.jd.com/on-finished/download/on-finished-2.4.1.tgz}
    engines: {node: '>= 0.8'}

  parseurl@1.3.3:
    resolution: {integrity: sha1-naGee+6NEt/wUT7Vt2lXeTvC6NQ=, tarball: http://registry.m.jd.com/parseurl/download/parseurl-1.3.3.tgz}
    engines: {node: '>= 0.8'}

  path-to-regexp@0.1.12:
    resolution: {integrity: sha1-1eGhLkeKl21DLvPFjVNLmSMWS7c=, tarball: http://registry.m.jd.com/path-to-regexp/download/path-to-regexp-0.1.12.tgz}

  proxy-addr@2.0.7:
    resolution: {integrity: sha1-8Z/mnOqzEe65S0LnDowgcPm6ECU=, tarball: http://registry.m.jd.com/proxy-addr/download/proxy-addr-2.0.7.tgz}
    engines: {node: '>= 0.10'}

  qs@6.13.0:
    resolution: {integrity: sha1-bKO9WEOffiRWVXmJl3h7DYilGQY=, tarball: http://registry.m.jd.com/qs/download/qs-6.13.0.tgz}
    engines: {node: '>=0.6'}

  range-parser@1.2.1:
    resolution: {integrity: sha1-PPNwI9GZ4cJNGlW4SADC8+ZGgDE=, tarball: http://registry.m.jd.com/range-parser/download/range-parser-1.2.1.tgz}
    engines: {node: '>= 0.6'}

  raw-body@2.5.2:
    resolution: {integrity: sha1-mf69g7kOCJdQh+jx+UGaFJNmtoo=, tarball: http://registry.m.jd.com/raw-body/download/raw-body-2.5.2.tgz}
    engines: {node: '>= 0.8'}

  safe-buffer@5.2.1:
    resolution: {integrity: sha1-Hq+fqb2x/dTsdfWPnNtOa3gn7sY=, tarball: http://registry.m.jd.com/safe-buffer/download/safe-buffer-5.2.1.tgz}

  safer-buffer@2.1.2:
    resolution: {integrity: sha1-RPoWGwGHuVSd2Eu5GAL5vYOFzWo=, tarball: http://registry.m.jd.com/safer-buffer/download/safer-buffer-2.1.2.tgz}

  send@0.19.0:
    resolution: {integrity: sha1-u8WjiMjqbASJZwSdvqwOSj8J1/g=, tarball: http://registry.m.jd.com/send/download/send-0.19.0.tgz}
    engines: {node: '>= 0.8.0'}

  serve-static@1.16.2:
    resolution: {integrity: sha1-tqU0PaR/a90mc4SL9FdUlB6AMpY=, tarball: http://registry.m.jd.com/serve-static/download/serve-static-1.16.2.tgz}
    engines: {node: '>= 0.8.0'}

  setprototypeof@1.2.0:
    resolution: {integrity: sha1-ZsmiSnP5/CjL5msJ/tPTPcrxtCQ=, tarball: http://registry.m.jd.com/setprototypeof/download/setprototypeof-1.2.0.tgz}

  side-channel-list@1.0.0:
    resolution: {integrity: sha1-EMtZhCYxFdO3oOM2WR4pCoMK+K0=, tarball: http://registry.m.jd.com/side-channel-list/download/side-channel-list-1.0.0.tgz}
    engines: {node: '>= 0.4'}

  side-channel-map@1.0.1:
    resolution: {integrity: sha1-1rtrN5Asb+9RdOX1M/q0xzKib0I=, tarball: http://registry.m.jd.com/side-channel-map/download/side-channel-map-1.0.1.tgz}
    engines: {node: '>= 0.4'}

  side-channel-weakmap@1.0.2:
    resolution: {integrity: sha1-Ed2hnVNo5Azp7CvcH7DsvAeQ7Oo=, tarball: http://registry.m.jd.com/side-channel-weakmap/download/side-channel-weakmap-1.0.2.tgz}
    engines: {node: '>= 0.4'}

  side-channel@1.1.0:
    resolution: {integrity: sha1-w/z/nE2pMnhIczNeyXZfqU/2a8k=, tarball: http://registry.m.jd.com/side-channel/download/side-channel-1.1.0.tgz}
    engines: {node: '>= 0.4'}

  statuses@2.0.1:
    resolution: {integrity: sha1-VcsADM8dSHKL0jxoWgY5mM8aG2M=, tarball: http://registry.m.jd.com/statuses/download/statuses-2.0.1.tgz}
    engines: {node: '>= 0.8'}

  toidentifier@1.0.1:
    resolution: {integrity: sha1-O+NDIaiKgg7RvYDfqjPkefu43TU=, tarball: http://registry.m.jd.com/toidentifier/download/toidentifier-1.0.1.tgz}
    engines: {node: '>=0.6'}

  type-is@1.6.18:
    resolution: {integrity: sha1-TlUs0F3wlGfcvE73Od6J8s83wTE=, tarball: http://registry.m.jd.com/type-is/download/type-is-1.6.18.tgz}
    engines: {node: '>= 0.6'}

  unpipe@1.0.0:
    resolution: {integrity: sha1-sr9O6FFKrmFltIF4KdIbLvSZBOw=, tarball: http://registry.m.jd.com/unpipe/download/unpipe-1.0.0.tgz}
    engines: {node: '>= 0.8'}

  utils-merge@1.0.1:
    resolution: {integrity: sha1-n5VxD1CiZ5R7LMwSR0HBAoQn5xM=, tarball: http://registry.m.jd.com/utils-merge/download/utils-merge-1.0.1.tgz}
    engines: {node: '>= 0.4.0'}

  vary@1.1.2:
    resolution: {integrity: sha1-IpnwLG3tMNSllhsLn3RSShj2NPw=, tarball: http://registry.m.jd.com/vary/download/vary-1.1.2.tgz}
    engines: {node: '>= 0.8'}

snapshots:

  accepts@1.3.8:
    dependencies:
      mime-types: 2.1.35
      negotiator: 0.6.3

  array-flatten@1.1.1: {}

  body-parser@1.20.3:
    dependencies:
      bytes: 3.1.2
      content-type: 1.0.5
      debug: 2.6.9
      depd: 2.0.0
      destroy: 1.2.0
      http-errors: 2.0.0
      iconv-lite: 0.4.24
      on-finished: 2.4.1
      qs: 6.13.0
      raw-body: 2.5.2
      type-is: 1.6.18
      unpipe: 1.0.0
    transitivePeerDependencies:
      - supports-color

  bytes@3.1.2: {}

  call-bind-apply-helpers@1.0.1:
    dependencies:
      es-errors: 1.3.0
      function-bind: 1.1.2

  call-bound@1.0.3:
    dependencies:
      call-bind-apply-helpers: 1.0.1
      get-intrinsic: 1.2.7

  commander@13.0.0: {}

  content-disposition@0.5.4:
    dependencies:
      safe-buffer: 5.2.1

  content-type@1.0.5: {}

  cookie-signature@1.0.6: {}

  cookie@0.7.1: {}

  cors@2.8.5:
    dependencies:
      object-assign: 4.1.1
      vary: 1.1.2

  debug@2.6.9:
    dependencies:
      ms: 2.0.0

  depd@2.0.0: {}

  destroy@1.2.0: {}

  dunder-proto@1.0.1:
    dependencies:
      call-bind-apply-helpers: 1.0.1
      es-errors: 1.3.0
      gopd: 1.2.0

  ee-first@1.1.1: {}

  encodeurl@1.0.2: {}

  encodeurl@2.0.0: {}

  es-define-property@1.0.1: {}

  es-errors@1.3.0: {}

  es-object-atoms@1.0.0:
    dependencies:
      es-errors: 1.3.0

  escape-html@1.0.3: {}

  etag@1.8.1: {}

  express@4.21.2:
    dependencies:
      accepts: 1.3.8
      array-flatten: 1.1.1
      body-parser: 1.20.3
      content-disposition: 0.5.4
      content-type: 1.0.5
      cookie: 0.7.1
      cookie-signature: 1.0.6
      debug: 2.6.9
      depd: 2.0.0
      encodeurl: 2.0.0
      escape-html: 1.0.3
      etag: 1.8.1
      finalhandler: 1.3.1
      fresh: 0.5.2
      http-errors: 2.0.0
      merge-descriptors: 1.0.3
      methods: 1.1.2
      on-finished: 2.4.1
      parseurl: 1.3.3
      path-to-regexp: 0.1.12
      proxy-addr: 2.0.7
      qs: 6.13.0
      range-parser: 1.2.1
      safe-buffer: 5.2.1
      send: 0.19.0
      serve-static: 1.16.2
      setprototypeof: 1.2.0
      statuses: 2.0.1
      type-is: 1.6.18
      utils-merge: 1.0.1
      vary: 1.1.2
    transitivePeerDependencies:
      - supports-color

  finalhandler@1.3.1:
    dependencies:
      debug: 2.6.9
      encodeurl: 2.0.0
      escape-html: 1.0.3
      on-finished: 2.4.1
      parseurl: 1.3.3
      statuses: 2.0.1
      unpipe: 1.0.0
    transitivePeerDependencies:
      - supports-color

  forwarded@0.2.0: {}

  fresh@0.5.2: {}

  function-bind@1.1.2: {}

  get-intrinsic@1.2.7:
    dependencies:
      call-bind-apply-helpers: 1.0.1
      es-define-property: 1.0.1
      es-errors: 1.3.0
      es-object-atoms: 1.0.0
      function-bind: 1.1.2
      get-proto: 1.0.1
      gopd: 1.2.0
      has-symbols: 1.1.0
      hasown: 2.0.2
      math-intrinsics: 1.1.0

  get-proto@1.0.1:
    dependencies:
      dunder-proto: 1.0.1
      es-object-atoms: 1.0.0

  gopd@1.2.0: {}

  has-symbols@1.1.0: {}

  hasown@2.0.2:
    dependencies:
      function-bind: 1.1.2

  http-errors@2.0.0:
    dependencies:
      depd: 2.0.0
      inherits: 2.0.4
      setprototypeof: 1.2.0
      statuses: 2.0.1
      toidentifier: 1.0.1

  iconv-lite@0.4.24:
    dependencies:
      safer-buffer: 2.1.2

  inherits@2.0.4: {}

  ipaddr.js@1.9.1: {}

  math-intrinsics@1.1.0: {}

  media-typer@0.3.0: {}

  merge-descriptors@1.0.3: {}

  methods@1.1.2: {}

  mime-db@1.52.0: {}

  mime-types@2.1.35:
    dependencies:
      mime-db: 1.52.0

  mime@1.6.0: {}

  mockjs@1.1.0:
    dependencies:
      commander: 13.0.0

  ms@2.0.0: {}

  ms@2.1.3: {}

  negotiator@0.6.3: {}

  object-assign@4.1.1: {}

  object-inspect@1.13.3: {}

  on-finished@2.4.1:
    dependencies:
      ee-first: 1.1.1

  parseurl@1.3.3: {}

  path-to-regexp@0.1.12: {}

  proxy-addr@2.0.7:
    dependencies:
      forwarded: 0.2.0
      ipaddr.js: 1.9.1

  qs@6.13.0:
    dependencies:
      side-channel: 1.1.0

  range-parser@1.2.1: {}

  raw-body@2.5.2:
    dependencies:
      bytes: 3.1.2
      http-errors: 2.0.0
      iconv-lite: 0.4.24
      unpipe: 1.0.0

  safe-buffer@5.2.1: {}

  safer-buffer@2.1.2: {}

  send@0.19.0:
    dependencies:
      debug: 2.6.9
      depd: 2.0.0
      destroy: 1.2.0
      encodeurl: 1.0.2
      escape-html: 1.0.3
      etag: 1.8.1
      fresh: 0.5.2
      http-errors: 2.0.0
      mime: 1.6.0
      ms: 2.1.3
      on-finished: 2.4.1
      range-parser: 1.2.1
      statuses: 2.0.1
    transitivePeerDependencies:
      - supports-color

  serve-static@1.16.2:
    dependencies:
      encodeurl: 2.0.0
      escape-html: 1.0.3
      parseurl: 1.3.3
      send: 0.19.0
    transitivePeerDependencies:
      - supports-color

  setprototypeof@1.2.0: {}

  side-channel-list@1.0.0:
    dependencies:
      es-errors: 1.3.0
      object-inspect: 1.13.3

  side-channel-map@1.0.1:
    dependencies:
      call-bound: 1.0.3
      es-errors: 1.3.0
      get-intrinsic: 1.2.7
      object-inspect: 1.13.3

  side-channel-weakmap@1.0.2:
    dependencies:
      call-bound: 1.0.3
      es-errors: 1.3.0
      get-intrinsic: 1.2.7
      object-inspect: 1.13.3
      side-channel-map: 1.0.1

  side-channel@1.1.0:
    dependencies:
      es-errors: 1.3.0
      object-inspect: 1.13.3
      side-channel-list: 1.0.0
      side-channel-map: 1.0.1
      side-channel-weakmap: 1.0.2

  statuses@2.0.1: {}

  toidentifier@1.0.1: {}

  type-is@1.6.18:
    dependencies:
      media-typer: 0.3.0
      mime-types: 2.1.35

  unpipe@1.0.0: {}

  utils-merge@1.0.1: {}

  vary@1.1.2: {}
